
Microsoft Visual Studio Solution File, Format Version 12.00
# Visual Studio 15
VisualStudioVersion = 15.0.27428.1
MinimumVisualStudioVersion = 10.0.40219.1
Project("{FAE04EC0-301F-11D3-BF4B-00C04F79EFBC}") = "lyitlab3_project", "lyitlab3_project\lyitlab3_project.csproj", "{BB1B2421-A2CA-4582-A547-30802ABC5F3B}"
EndProject
Global
	GlobalSection(SolutionConfigurationPlatforms) = preSolution
		Debug|Any CPU = Debug|Any CPU
		Release|Any CPU = Release|Any CPU
	EndGlobalSection
	GlobalSection(ProjectConfigurationPlatforms) = postSolution
		{BB1B2421-A2CA-4582-A547-30802ABC5F3B}.Debug|Any CPU.ActiveCfg = Debug|Any CPU
		{BB1B2421-A2CA-4582-A547-30802ABC5F3B}.Debug|Any CPU.Build.0 = Debug|Any CPU
		{BB1B2421-A2CA-4582-A547-30802ABC5F3B}.Release|Any CPU.ActiveCfg = Release|Any CPU
		{BB1B2421-A2CA-4582-A547-30802ABC5F3B}.Release|Any CPU.Build.0 = Release|Any CPU
	EndGlobalSection
	GlobalSection(SolutionProperties) = preSolution
		HideSolutionNode = FALSE
	EndGlobalSection
	GlobalSection(ExtensibilityGlobals) = postSolution
		SolutionGuid = {B73A3218-974A-453B-9F32-82CE691C282E}
	EndGlobalSection
EndGlobal
